// !$*UTF8*$!
{
	archiveVersion = 1;
	classes = {
	};
	objectVersion = 56;
	objects = {

/* Begin PBXBuildFile section */
		84131FD52BDFCF7800425AAB /* ClickersStepper.swift in Sources */ = {isa = PBXBuildFile; fileRef = 84131FD42BDFCF7800425AAB /* ClickersStepper.swift */; };
		842EA9BF2B97592A00C26AEB /* GridView.swift in Sources */ = {isa = PBXBuildFile; fileRef = 842EA9BE2B97592A00C26AEB /* GridView.swift */; };
		842EA9C42B97686400C26AEB /* EditView.swift in Sources */ = {isa = PBXBuildFile; fileRef = 842EA9C32B97686400C26AEB /* EditView.swift */; };
		8432148A2BC6D1C8000B1103 /* Functions.swift in Sources */ = {isa = PBXBuildFile; fileRef = 843214892BC6D1C8000B1103 /* Functions.swift */; };
		845131592BE146B500F621CE /* InactiveClickersTableView.swift in Sources */ = {isa = PBXBuildFile; fileRef = 845131582BE146B500F621CE /* InactiveClickersTableView.swift */; };
		84542FFB2BEA626D003A388D /* SectorList.swift in Sources */ = {isa = PBXBuildFile; fileRef = 84542FFA2BEA626D003A388D /* SectorList.swift */; };
		845BCE5C2B7E14CE00195D2A /* ClickerApp.swift in Sources */ = {isa = PBXBuildFile; fileRef = 845BCE5B2B7E14CE00195D2A /* ClickerApp.swift */; };
		845BCE5E2B7E14CE00195D2A /* ContentView.swift in Sources */ = {isa = PBXBuildFile; fileRef = 845BCE5D2B7E14CE00195D2A /* ContentView.swift */; };
		845BCE602B7E14D000195D2A /* Assets.xcassets in Resources */ = {isa = PBXBuildFile; fileRef = 845BCE5F2B7E14D000195D2A /* Assets.xcassets */; };
		845BCE632B7E14D000195D2A /* Preview Assets.xcassets in Resources */ = {isa = PBXBuildFile; fileRef = 845BCE622B7E14D000195D2A /* Preview Assets.xcassets */; };
		845BCE652B7E14D000195D2A /* Persistence.swift in Sources */ = {isa = PBXBuildFile; fileRef = 845BCE642B7E14D000195D2A /* Persistence.swift */; };
		845BCE682B7E14D000195D2A /* ClickerDataModel.xcdatamodeld in Sources */ = {isa = PBXBuildFile; fileRef = 845BCE662B7E14D000195D2A /* ClickerDataModel.xcdatamodeld */; };
		8478210E2BE26F4700B46BEF /* SettingsView.swift in Sources */ = {isa = PBXBuildFile; fileRef = 8478210D2BE26F4700B46BEF /* SettingsView.swift */; };
		847821112BE2769800B46BEF /* EmptyGridItem.swift in Sources */ = {isa = PBXBuildFile; fileRef = 847821102BE2769800B46BEF /* EmptyGridItem.swift */; };
		847821172BE27C2000B46BEF /* MiscView.swift in Sources */ = {isa = PBXBuildFile; fileRef = 847821162BE27C2000B46BEF /* MiscView.swift */; };
		848F7D7F2B9605D2001CD124 /* UserColor.swift in Sources */ = {isa = PBXBuildFile; fileRef = 848F7D7E2B9605D2001CD124 /* UserColor.swift */; };
		848F7D812B961453001CD124 /* ClickerType.swift in Sources */ = {isa = PBXBuildFile; fileRef = 848F7D802B961453001CD124 /* ClickerType.swift */; };
		849BCC222BE91646003CDD38 /* DiagramView.swift in Sources */ = {isa = PBXBuildFile; fileRef = 849BCC212BE91646003CDD38 /* DiagramView.swift */; };
		849BCC242BE92087003CDD38 /* SectorView.swift in Sources */ = {isa = PBXBuildFile; fileRef = 849BCC232BE92087003CDD38 /* SectorView.swift */; };
		849BCC262BE922F0003CDD38 /* Protocols.swift in Sources */ = {isa = PBXBuildFile; fileRef = 849BCC252BE922F0003CDD38 /* Protocols.swift */; };
		84AFFF8B2BC0393D0005D1F8 /* ColorEditViewModel.swift in Sources */ = {isa = PBXBuildFile; fileRef = 84AFFF8A2BC0393D0005D1F8 /* ColorEditViewModel.swift */; };
		84B4A5AB2BC191C700ACF8BC /* ClickerTypeEditView.swift in Sources */ = {isa = PBXBuildFile; fileRef = 84B4A5AA2BC191C700ACF8BC /* ClickerTypeEditView.swift */; };
		84B4A5AD2BC191D500ACF8BC /* ClickerTypeEditViewModel.swift in Sources */ = {isa = PBXBuildFile; fileRef = 84B4A5AC2BC191D500ACF8BC /* ClickerTypeEditViewModel.swift */; };
		84BC65CB2BEBBC910004A8F6 /* DiagramFilterView.swift in Sources */ = {isa = PBXBuildFile; fileRef = 84BC65CA2BEBBC910004A8F6 /* DiagramFilterView.swift */; };
		84BD53AD2BB7000000B2A202 /* EditmenuType.swift in Sources */ = {isa = PBXBuildFile; fileRef = 84BD53AC2BB7000000B2A202 /* EditmenuType.swift */; };
		84C492CD2BBC406600F6F5E5 /* ColorView.swift in Sources */ = {isa = PBXBuildFile; fileRef = 84C492CC2BBC406600F6F5E5 /* ColorView.swift */; };
		84C492D02BBC450C00F6F5E5 /* ColorEditView.swift in Sources */ = {isa = PBXBuildFile; fileRef = 84C492CF2BBC450C00F6F5E5 /* ColorEditView.swift */; };
		84C492D22BBC4C8300F6F5E5 /* ColorChangeView.swift in Sources */ = {isa = PBXBuildFile; fileRef = 84C492D12BBC4C8300F6F5E5 /* ColorChangeView.swift */; };
		84C9D4B62BB84A3E00176701 /* CategoriesView.swift in Sources */ = {isa = PBXBuildFile; fileRef = 84C9D4B52BB84A3E00176701 /* CategoriesView.swift */; };
		84CFBD992B9895EB00935E2C /* ClickerEditView.swift in Sources */ = {isa = PBXBuildFile; fileRef = 84CFBD982B9895EB00935E2C /* ClickerEditView.swift */; };
		84CFBD9C2B98968C00935E2C /* ClickerEditViewModel.swift in Sources */ = {isa = PBXBuildFile; fileRef = 84CFBD9B2B98968C00935E2C /* ClickerEditViewModel.swift */; };
		84CFBD9E2B989E3C00935E2C /* BindingUnwrapOperation.swift in Sources */ = {isa = PBXBuildFile; fileRef = 84CFBD9D2B989E3C00935E2C /* BindingUnwrapOperation.swift */; };
		84D438942BD936FF00C81EE1 /* Resourses.swift in Sources */ = {isa = PBXBuildFile; fileRef = 84D438932BD936FF00C81EE1 /* Resourses.swift */; };
		84D438972BD93B6B00C81EE1 /* ClickersView.swift in Sources */ = {isa = PBXBuildFile; fileRef = 84D438962BD93B6B00C81EE1 /* ClickersView.swift */; };
		84D438992BD93F6E00C81EE1 /* ClickerTabView.swift in Sources */ = {isa = PBXBuildFile; fileRef = 84D438982BD93F6E00C81EE1 /* ClickerTabView.swift */; };
		84F7B6302B8F7858006A12AE /* ClickerTabViewBar.swift in Sources */ = {isa = PBXBuildFile; fileRef = 84F7B62F2B8F7858006A12AE /* ClickerTabViewBar.swift */; };
		84F7B6352B8F7E17006A12AE /* ItemView.swift in Sources */ = {isa = PBXBuildFile; fileRef = 84F7B6342B8F7E17006A12AE /* ItemView.swift */; };
		84F7B6382B8F7EB2006A12AE /* Clicker.swift in Sources */ = {isa = PBXBuildFile; fileRef = 84F7B6372B8F7EB2006A12AE /* Clicker.swift */; };
		84F7B63C2B8F8297006A12AE /* ClickerView.swift in Sources */ = {isa = PBXBuildFile; fileRef = 84F7B63B2B8F8297006A12AE /* ClickerView.swift */; };
		84F7B63E2B8F8382006A12AE /* TypeView.swift in Sources */ = {isa = PBXBuildFile; fileRef = 84F7B63D2B8F8382006A12AE /* TypeView.swift */; };
		84FD611C2BCACB54009153B7 /* ActiveClickersTableView.swift in Sources */ = {isa = PBXBuildFile; fileRef = 84FD611B2BCACB54009153B7 /* ActiveClickersTableView.swift */; };
		84FD611F2BCAD525009153B7 /* ContextMenuView.swift in Sources */ = {isa = PBXBuildFile; fileRef = 84FD611E2BCAD525009153B7 /* ContextMenuView.swift */; };
		84FD7BC82B90BC9700AC0AA6 /* ItemModifier.swift in Sources */ = {isa = PBXBuildFile; fileRef = 84FD7BC72B90BC9700AC0AA6 /* ItemModifier.swift */; };
		84FD7BCA2B90C14300AC0AA6 /* Settings.swift in Sources */ = {isa = PBXBuildFile; fileRef = 84FD7BC92B90C14300AC0AA6 /* Settings.swift */; };
/* End PBXBuildFile section */

/* Begin PBXFileReference section */
		84131FD42BDFCF7800425AAB /* ClickersStepper.swift */ = {isa = PBXFileReference; lastKnownFileType = sourcecode.swift; path = ClickersStepper.swift; sourceTree = "<group>"; };
		842EA9BE2B97592A00C26AEB /* GridView.swift */ = {isa = PBXFileReference; lastKnownFileType = sourcecode.swift; path = GridView.swift; sourceTree = "<group>"; };
		842EA9C32B97686400C26AEB /* EditView.swift */ = {isa = PBXFileReference; lastKnownFileType = sourcecode.swift; path = EditView.swift; sourceTree = "<group>"; };
		843214892BC6D1C8000B1103 /* Functions.swift */ = {isa = PBXFileReference; lastKnownFileType = sourcecode.swift; path = Functions.swift; sourceTree = "<group>"; };
		845131582BE146B500F621CE /* InactiveClickersTableView.swift */ = {isa = PBXFileReference; lastKnownFileType = sourcecode.swift; path = InactiveClickersTableView.swift; sourceTree = "<group>"; };
		84542FFA2BEA626D003A388D /* SectorList.swift */ = {isa = PBXFileReference; lastKnownFileType = sourcecode.swift; path = SectorList.swift; sourceTree = "<group>"; };
		845BCE582B7E14CE00195D2A /* Clicker.app */ = {isa = PBXFileReference; explicitFileType = wrapper.application; includeInIndex = 0; path = Clicker.app; sourceTree = BUILT_PRODUCTS_DIR; };
		845BCE5B2B7E14CE00195D2A /* ClickerApp.swift */ = {isa = PBXFileReference; lastKnownFileType = sourcecode.swift; path = ClickerApp.swift; sourceTree = "<group>"; };
		845BCE5D2B7E14CE00195D2A /* ContentView.swift */ = {isa = PBXFileReference; lastKnownFileType = sourcecode.swift; path = ContentView.swift; sourceTree = "<group>"; };
		845BCE5F2B7E14D000195D2A /* Assets.xcassets */ = {isa = PBXFileReference; lastKnownFileType = folder.assetcatalog; path = Assets.xcassets; sourceTree = "<group>"; };
		845BCE622B7E14D000195D2A /* Preview Assets.xcassets */ = {isa = PBXFileReference; lastKnownFileType = folder.assetcatalog; path = "Preview Assets.xcassets"; sourceTree = "<group>"; };
		845BCE642B7E14D000195D2A /* Persistence.swift */ = {isa = PBXFileReference; lastKnownFileType = sourcecode.swift; path = Persistence.swift; sourceTree = "<group>"; };
		845BCE672B7E14D000195D2A /* Clicker.xcdatamodel */ = {isa = PBXFileReference; lastKnownFileType = wrapper.xcdatamodel; path = Clicker.xcdatamodel; sourceTree = "<group>"; };
		8478210D2BE26F4700B46BEF /* SettingsView.swift */ = {isa = PBXFileReference; lastKnownFileType = sourcecode.swift; path = SettingsView.swift; sourceTree = "<group>"; };
		847821102BE2769800B46BEF /* EmptyGridItem.swift */ = {isa = PBXFileReference; lastKnownFileType = sourcecode.swift; path = EmptyGridItem.swift; sourceTree = "<group>"; };
		847821162BE27C2000B46BEF /* MiscView.swift */ = {isa = PBXFileReference; lastKnownFileType = sourcecode.swift; path = MiscView.swift; sourceTree = "<group>"; };
		848F7D7E2B9605D2001CD124 /* UserColor.swift */ = {isa = PBXFileReference; lastKnownFileType = sourcecode.swift; path = UserColor.swift; sourceTree = "<group>"; };
		848F7D802B961453001CD124 /* ClickerType.swift */ = {isa = PBXFileReference; lastKnownFileType = sourcecode.swift; path = ClickerType.swift; sourceTree = "<group>"; };
		849BCC212BE91646003CDD38 /* DiagramView.swift */ = {isa = PBXFileReference; lastKnownFileType = sourcecode.swift; path = DiagramView.swift; sourceTree = "<group>"; };
		849BCC232BE92087003CDD38 /* SectorView.swift */ = {isa = PBXFileReference; lastKnownFileType = sourcecode.swift; path = SectorView.swift; sourceTree = "<group>"; };
		849BCC252BE922F0003CDD38 /* Protocols.swift */ = {isa = PBXFileReference; lastKnownFileType = sourcecode.swift; path = Protocols.swift; sourceTree = "<group>"; };
		84AFFF8A2BC0393D0005D1F8 /* ColorEditViewModel.swift */ = {isa = PBXFileReference; lastKnownFileType = sourcecode.swift; path = ColorEditViewModel.swift; sourceTree = "<group>"; };
		84B4A5AA2BC191C700ACF8BC /* ClickerTypeEditView.swift */ = {isa = PBXFileReference; lastKnownFileType = sourcecode.swift; path = ClickerTypeEditView.swift; sourceTree = "<group>"; };
		84B4A5AC2BC191D500ACF8BC /* ClickerTypeEditViewModel.swift */ = {isa = PBXFileReference; lastKnownFileType = sourcecode.swift; path = ClickerTypeEditViewModel.swift; sourceTree = "<group>"; };
		84BC65CA2BEBBC910004A8F6 /* DiagramFilterView.swift */ = {isa = PBXFileReference; lastKnownFileType = sourcecode.swift; path = DiagramFilterView.swift; sourceTree = "<group>"; };
		84BD53AC2BB7000000B2A202 /* EditmenuType.swift */ = {isa = PBXFileReference; lastKnownFileType = sourcecode.swift; path = EditmenuType.swift; sourceTree = "<group>"; };
		84C492CC2BBC406600F6F5E5 /* ColorView.swift */ = {isa = PBXFileReference; lastKnownFileType = sourcecode.swift; path = ColorView.swift; sourceTree = "<group>"; };
		84C492CF2BBC450C00F6F5E5 /* ColorEditView.swift */ = {isa = PBXFileReference; lastKnownFileType = sourcecode.swift; path = ColorEditView.swift; sourceTree = "<group>"; };
		84C492D12BBC4C8300F6F5E5 /* ColorChangeView.swift */ = {isa = PBXFileReference; lastKnownFileType = sourcecode.swift; path = ColorChangeView.swift; sourceTree = "<group>"; };
		84C9D4B52BB84A3E00176701 /* CategoriesView.swift */ = {isa = PBXFileReference; lastKnownFileType = sourcecode.swift; path = CategoriesView.swift; sourceTree = "<group>"; };
		84CFBD982B9895EB00935E2C /* ClickerEditView.swift */ = {isa = PBXFileReference; lastKnownFileType = sourcecode.swift; path = ClickerEditView.swift; sourceTree = "<group>"; };
		84CFBD9B2B98968C00935E2C /* ClickerEditViewModel.swift */ = {isa = PBXFileReference; lastKnownFileType = sourcecode.swift; path = ClickerEditViewModel.swift; sourceTree = "<group>"; };
		84CFBD9D2B989E3C00935E2C /* BindingUnwrapOperation.swift */ = {isa = PBXFileReference; lastKnownFileType = sourcecode.swift; path = BindingUnwrapOperation.swift; sourceTree = "<group>"; };
		84D438932BD936FF00C81EE1 /* Resourses.swift */ = {isa = PBXFileReference; lastKnownFileType = sourcecode.swift; path = Resourses.swift; sourceTree = "<group>"; };
		84D438962BD93B6B00C81EE1 /* ClickersView.swift */ = {isa = PBXFileReference; lastKnownFileType = sourcecode.swift; path = ClickersView.swift; sourceTree = "<group>"; };
		84D438982BD93F6E00C81EE1 /* ClickerTabView.swift */ = {isa = PBXFileReference; lastKnownFileType = sourcecode.swift; path = ClickerTabView.swift; sourceTree = "<group>"; };
		84F7B62F2B8F7858006A12AE /* ClickerTabViewBar.swift */ = {isa = PBXFileReference; lastKnownFileType = sourcecode.swift; path = ClickerTabViewBar.swift; sourceTree = "<group>"; };
		84F7B6342B8F7E17006A12AE /* ItemView.swift */ = {isa = PBXFileReference; lastKnownFileType = sourcecode.swift; path = ItemView.swift; sourceTree = "<group>"; };
		84F7B6372B8F7EB2006A12AE /* Clicker.swift */ = {isa = PBXFileReference; lastKnownFileType = sourcecode.swift; path = Clicker.swift; sourceTree = "<group>"; };
		84F7B63B2B8F8297006A12AE /* ClickerView.swift */ = {isa = PBXFileReference; lastKnownFileType = sourcecode.swift; path = ClickerView.swift; sourceTree = "<group>"; };
		84F7B63D2B8F8382006A12AE /* TypeView.swift */ = {isa = PBXFileReference; lastKnownFileType = sourcecode.swift; path = TypeView.swift; sourceTree = "<group>"; };
		84FD611B2BCACB54009153B7 /* ActiveClickersTableView.swift */ = {isa = PBXFileReference; lastKnownFileType = sourcecode.swift; path = ActiveClickersTableView.swift; sourceTree = "<group>"; };
		84FD611E2BCAD525009153B7 /* ContextMenuView.swift */ = {isa = PBXFileReference; lastKnownFileType = sourcecode.swift; path = ContextMenuView.swift; sourceTree = "<group>"; };
		84FD7BC72B90BC9700AC0AA6 /* ItemModifier.swift */ = {isa = PBXFileReference; lastKnownFileType = sourcecode.swift; path = ItemModifier.swift; sourceTree = "<group>"; };
		84FD7BC92B90C14300AC0AA6 /* Settings.swift */ = {isa = PBXFileReference; lastKnownFileType = sourcecode.swift; path = Settings.swift; sourceTree = "<group>"; };
/* End PBXFileReference section */

/* Begin PBXFrameworksBuildPhase section */
		845BCE552B7E14CE00195D2A /* Frameworks */ = {
			isa = PBXFrameworksBuildPhase;
			buildActionMask = 2147483647;
			files = (
			);
			runOnlyForDeploymentPostprocessing = 0;
		};
/* End PBXFrameworksBuildPhase section */

/* Begin PBXGroup section */
		842EA9BD2B9758E800C26AEB /* Grid */ = {
			isa = PBXGroup;
			children = (
				842EA9BE2B97592A00C26AEB /* GridView.swift */,
				84F7B6332B8F7E01006A12AE /* ItemViews */,
				84CFBD972B9895B200935E2C /* EditViews */,
			);
			path = Grid;
			sourceTree = "<group>";
		};
		845BCE4F2B7E14CE00195D2A = {
			isa = PBXGroup;
			children = (
				845BCE5A2B7E14CE00195D2A /* Clicker */,
				845BCE592B7E14CE00195D2A /* Products */,
			);
			sourceTree = "<group>";
		};
		845BCE592B7E14CE00195D2A /* Products */ = {
			isa = PBXGroup;
			children = (
				845BCE582B7E14CE00195D2A /* Clicker.app */,
			);
			name = Products;
			sourceTree = "<group>";
		};
		845BCE5A2B7E14CE00195D2A /* Clicker */ = {
			isa = PBXGroup;
			children = (
				84F7B6362B8F7EA8006A12AE /* Models */,
				84F7B62E2B8F7840006A12AE /* TabView */,
				84FD611D2BCAD513009153B7 /* Other */,
				84F7B62D2B8F7837006A12AE /* main */,
				845BCE612B7E14D000195D2A /* Preview Content */,
			);
			path = Clicker;
			sourceTree = "<group>";
		};
		845BCE612B7E14D000195D2A /* Preview Content */ = {
			isa = PBXGroup;
			children = (
				845BCE622B7E14D000195D2A /* Preview Assets.xcassets */,
			);
			path = "Preview Content";
			sourceTree = "<group>";
		};
		8478210A2BE26E4200B46BEF /* TabViewItems */ = {
			isa = PBXGroup;
			children = (
				84D438952BD93B5B00C81EE1 /* ClickersView */,
				849BCC202BE91509003CDD38 /* DiagramView */,
				8478210C2BE26F2800B46BEF /* SettingsView */,
			);
			path = TabViewItems;
			sourceTree = "<group>";
		};
		8478210C2BE26F2800B46BEF /* SettingsView */ = {
			isa = PBXGroup;
			children = (
				84FD7BC92B90C14300AC0AA6 /* Settings.swift */,
				8478210D2BE26F4700B46BEF /* SettingsView.swift */,
				847821162BE27C2000B46BEF /* MiscView.swift */,
				847821102BE2769800B46BEF /* EmptyGridItem.swift */,
			);
			path = SettingsView;
			sourceTree = "<group>";
		};
		849BCC202BE91509003CDD38 /* DiagramView */ = {
			isa = PBXGroup;
			children = (
				849BCC212BE91646003CDD38 /* DiagramView.swift */,
				84BC65CA2BEBBC910004A8F6 /* DiagramFilterView.swift */,
				849BCC232BE92087003CDD38 /* SectorView.swift */,
				84542FFA2BEA626D003A388D /* SectorList.swift */,
			);
			path = DiagramView;
			sourceTree = "<group>";
		};
		84A25AB72BBD9604001AAEB9 /* Color */ = {
			isa = PBXGroup;
			children = (
				84C492CF2BBC450C00F6F5E5 /* ColorEditView.swift */,
				84AFFF8A2BC0393D0005D1F8 /* ColorEditViewModel.swift */,
				84C492D12BBC4C8300F6F5E5 /* ColorChangeView.swift */,
			);
			path = Color;
			sourceTree = "<group>";
		};
		84B4A5A92BC191AF00ACF8BC /* Type */ = {
			isa = PBXGroup;
			children = (
				84B4A5AA2BC191C700ACF8BC /* ClickerTypeEditView.swift */,
				84B4A5AC2BC191D500ACF8BC /* ClickerTypeEditViewModel.swift */,
			);
			path = Type;
			sourceTree = "<group>";
		};
		84C492CB2BBC404F00F6F5E5 /* Color */ = {
			isa = PBXGroup;
			children = (
				84C492CC2BBC406600F6F5E5 /* ColorView.swift */,
			);
			path = Color;
			sourceTree = "<group>";
		};
		84C9D4B72BB84ABF00176701 /* Categories */ = {
			isa = PBXGroup;
			children = (
				84C9D4B52BB84A3E00176701 /* CategoriesView.swift */,
			);
			path = Categories;
			sourceTree = "<group>";
		};
		84CFBD972B9895B200935E2C /* EditViews */ = {
			isa = PBXGroup;
			children = (
				842EA9C32B97686400C26AEB /* EditView.swift */,
				84BD53AC2BB7000000B2A202 /* EditmenuType.swift */,
				84CFBD9D2B989E3C00935E2C /* BindingUnwrapOperation.swift */,
				84B4A5A92BC191AF00ACF8BC /* Type */,
				84A25AB72BBD9604001AAEB9 /* Color */,
				84CFBD9A2B98965300935E2C /* Clicker */,
			);
			path = EditViews;
			sourceTree = "<group>";
		};
		84CFBD9A2B98965300935E2C /* Clicker */ = {
			isa = PBXGroup;
			children = (
				84CFBD982B9895EB00935E2C /* ClickerEditView.swift */,
				84C9D4B72BB84ABF00176701 /* Categories */,
				84CFBD9B2B98968C00935E2C /* ClickerEditViewModel.swift */,
			);
			path = Clicker;
			sourceTree = "<group>";
		};
		84D438952BD93B5B00C81EE1 /* ClickersView */ = {
			isa = PBXGroup;
			children = (
				84D438962BD93B6B00C81EE1 /* ClickersView.swift */,
				845131582BE146B500F621CE /* InactiveClickersTableView.swift */,
				84FD611B2BCACB54009153B7 /* ActiveClickersTableView.swift */,
				84131FD42BDFCF7800425AAB /* ClickersStepper.swift */,
				842EA9BD2B9758E800C26AEB /* Grid */,
			);
			path = ClickersView;
			sourceTree = "<group>";
		};
		84F7B62D2B8F7837006A12AE /* main */ = {
			isa = PBXGroup;
			children = (
				845BCE5B2B7E14CE00195D2A /* ClickerApp.swift */,
				845BCE5D2B7E14CE00195D2A /* ContentView.swift */,
				845BCE5F2B7E14D000195D2A /* Assets.xcassets */,
				845BCE642B7E14D000195D2A /* Persistence.swift */,
				845BCE662B7E14D000195D2A /* ClickerDataModel.xcdatamodeld */,
			);
			path = main;
			sourceTree = "<group>";
		};
		84F7B62E2B8F7840006A12AE /* TabView */ = {
			isa = PBXGroup;
			children = (
				84F7B62F2B8F7858006A12AE /* ClickerTabViewBar.swift */,
				84D438982BD93F6E00C81EE1 /* ClickerTabView.swift */,
				8478210A2BE26E4200B46BEF /* TabViewItems */,
			);
			path = TabView;
			sourceTree = "<group>";
		};
		84F7B6332B8F7E01006A12AE /* ItemViews */ = {
			isa = PBXGroup;
			children = (
				84F7B6342B8F7E17006A12AE /* ItemView.swift */,
				84FD7BC72B90BC9700AC0AA6 /* ItemModifier.swift */,
				84F7B63A2B8F8284006A12AE /* Type */,
				84F7B6392B8F8261006A12AE /* Clicker */,
				84C492CB2BBC404F00F6F5E5 /* Color */,
			);
			path = ItemViews;
			sourceTree = "<group>";
		};
		84F7B6362B8F7EA8006A12AE /* Models */ = {
			isa = PBXGroup;
			children = (
				84F7B6372B8F7EB2006A12AE /* Clicker.swift */,
				848F7D802B961453001CD124 /* ClickerType.swift */,
				848F7D7E2B9605D2001CD124 /* UserColor.swift */,
				849BCC252BE922F0003CDD38 /* Protocols.swift */,
			);
			path = Models;
			sourceTree = "<group>";
		};
		84F7B6392B8F8261006A12AE /* Clicker */ = {
			isa = PBXGroup;
			children = (
				84F7B63B2B8F8297006A12AE /* ClickerView.swift */,
			);
			path = Clicker;
			sourceTree = "<group>";
		};
		84F7B63A2B8F8284006A12AE /* Type */ = {
			isa = PBXGroup;
			children = (
				84F7B63D2B8F8382006A12AE /* TypeView.swift */,
			);
			path = Type;
			sourceTree = "<group>";
		};
		84FD611D2BCAD513009153B7 /* Other */ = {
			isa = PBXGroup;
			children = (
				843214892BC6D1C8000B1103 /* Functions.swift */,
				84D438932BD936FF00C81EE1 /* Resourses.swift */,
				84FD611E2BCAD525009153B7 /* ContextMenuView.swift */,
			);
			name = Other;
			path = TabView/Other;
			sourceTree = "<group>";
		};
/* End PBXGroup section */

/* Begin PBXNativeTarget section */
		845BCE572B7E14CE00195D2A /* Clicker */ = {
			isa = PBXNativeTarget;
			buildConfigurationList = 845BCE6B2B7E14D000195D2A /* Build configuration list for PBXNativeTarget "Clicker" */;
			buildPhases = (
				845BCE542B7E14CE00195D2A /* Sources */,
				845BCE552B7E14CE00195D2A /* Frameworks */,
				845BCE562B7E14CE00195D2A /* Resources */,
			);
			buildRules = (
			);
			dependencies = (
			);
			name = Clicker;
			productName = Clicker;
			productReference = 845BCE582B7E14CE00195D2A /* Clicker.app */;
			productType = "com.apple.product-type.application";
		};
/* End PBXNativeTarget section */

/* Begin PBXProject section */
		845BCE502B7E14CE00195D2A /* Project object */ = {
			isa = PBXProject;
			attributes = {
				BuildIndependentTargetsInParallel = 1;
				LastSwiftUpdateCheck = 1500;
				LastUpgradeCheck = 1500;
				TargetAttributes = {
					845BCE572B7E14CE00195D2A = {
						CreatedOnToolsVersion = 15.0.1;
					};
				};
			};
			buildConfigurationList = 845BCE532B7E14CE00195D2A /* Build configuration list for PBXProject "Clicker" */;
			compatibilityVersion = "Xcode 14.0";
			developmentRegion = en;
			hasScannedForEncodings = 0;
			knownRegions = (
				en,
				Base,
			);
			mainGroup = 845BCE4F2B7E14CE00195D2A;
			productRefGroup = 845BCE592B7E14CE00195D2A /* Products */;
			projectDirPath = "";
			projectRoot = "";
			targets = (
				845BCE572B7E14CE00195D2A /* Clicker */,
			);
		};
/* End PBXProject section */

/* Begin PBXResourcesBuildPhase section */
		845BCE562B7E14CE00195D2A /* Resources */ = {
			isa = PBXResourcesBuildPhase;
			buildActionMask = 2147483647;
			files = (
				845BCE632B7E14D000195D2A /* Preview Assets.xcassets in Resources */,
				845BCE602B7E14D000195D2A /* Assets.xcassets in Resources */,
			);
			runOnlyForDeploymentPostprocessing = 0;
		};
/* End PBXResourcesBuildPhase section */

/* Begin PBXSourcesBuildPhase section */
		845BCE542B7E14CE00195D2A /* Sources */ = {
			isa = PBXSourcesBuildPhase;
			buildActionMask = 2147483647;
			files = (
				84C492D22BBC4C8300F6F5E5 /* ColorChangeView.swift in Sources */,
				84D438942BD936FF00C81EE1 /* Resourses.swift in Sources */,
				84BC65CB2BEBBC910004A8F6 /* DiagramFilterView.swift in Sources */,
				84CFBD992B9895EB00935E2C /* ClickerEditView.swift in Sources */,
				84FD611C2BCACB54009153B7 /* ActiveClickersTableView.swift in Sources */,
				84C492D02BBC450C00F6F5E5 /* ColorEditView.swift in Sources */,
				84D438992BD93F6E00C81EE1 /* ClickerTabView.swift in Sources */,
				8432148A2BC6D1C8000B1103 /* Functions.swift in Sources */,
				84FD7BC82B90BC9700AC0AA6 /* ItemModifier.swift in Sources */,
				84B4A5AB2BC191C700ACF8BC /* ClickerTypeEditView.swift in Sources */,
				847821112BE2769800B46BEF /* EmptyGridItem.swift in Sources */,
				84C492CD2BBC406600F6F5E5 /* ColorView.swift in Sources */,
				84CFBD9C2B98968C00935E2C /* ClickerEditViewModel.swift in Sources */,
				849BCC222BE91646003CDD38 /* DiagramView.swift in Sources */,
				84F7B63E2B8F8382006A12AE /* TypeView.swift in Sources */,
				848F7D7F2B9605D2001CD124 /* UserColor.swift in Sources */,
				845BCE652B7E14D000195D2A /* Persistence.swift in Sources */,
				84BD53AD2BB7000000B2A202 /* EditmenuType.swift in Sources */,
				847821172BE27C2000B46BEF /* MiscView.swift in Sources */,
				84F7B6302B8F7858006A12AE /* ClickerTabViewBar.swift in Sources */,
				84542FFB2BEA626D003A388D /* SectorList.swift in Sources */,
				84B4A5AD2BC191D500ACF8BC /* ClickerTypeEditViewModel.swift in Sources */,
				84C9D4B62BB84A3E00176701 /* CategoriesView.swift in Sources */,
				84CFBD9E2B989E3C00935E2C /* BindingUnwrapOperation.swift in Sources */,
				849BCC242BE92087003CDD38 /* SectorView.swift in Sources */,
				848F7D812B961453001CD124 /* ClickerType.swift in Sources */,
				845BCE682B7E14D000195D2A /* ClickerDataModel.xcdatamodeld in Sources */,
				8478210E2BE26F4700B46BEF /* SettingsView.swift in Sources */,
				845BCE5E2B7E14CE00195D2A /* ContentView.swift in Sources */,
				84FD7BCA2B90C14300AC0AA6 /* Settings.swift in Sources */,
				849BCC262BE922F0003CDD38 /* Protocols.swift in Sources */,
				84FD611F2BCAD525009153B7 /* ContextMenuView.swift in Sources */,
				84F7B6352B8F7E17006A12AE /* ItemView.swift in Sources */,
				84F7B63C2B8F8297006A12AE /* ClickerView.swift in Sources */,
				84F7B6382B8F7EB2006A12AE /* Clicker.swift in Sources */,
				84131FD52BDFCF7800425AAB /* ClickersStepper.swift in Sources */,
				842EA9C42B97686400C26AEB /* EditView.swift in Sources */,
				84D438972BD93B6B00C81EE1 /* ClickersView.swift in Sources */,
				845131592BE146B500F621CE /* InactiveClickersTableView.swift in Sources */,
				842EA9BF2B97592A00C26AEB /* GridView.swift in Sources */,
				845BCE5C2B7E14CE00195D2A /* ClickerApp.swift in Sources */,
				84AFFF8B2BC0393D0005D1F8 /* ColorEditViewModel.swift in Sources */,
			);
			runOnlyForDeploymentPostprocessing = 0;
		};
/* End PBXSourcesBuildPhase section */

/* Begin XCBuildConfiguration section */
		845BCE692B7E14D000195D2A /* Debug */ = {
			isa = XCBuildConfiguration;
			buildSettings = {
				ALWAYS_SEARCH_USER_PATHS = NO;
				ASSETCATALOG_COMPILER_GENERATE_SWIFT_ASSET_SYMBOL_EXTENSIONS = YES;
				CLANG_ANALYZER_NONNULL = YES;
				CLANG_ANALYZER_NUMBER_OBJECT_CONVERSION = YES_AGGRESSIVE;
				CLANG_CXX_LANGUAGE_STANDARD = "gnu++20";
				CLANG_ENABLE_MODULES = YES;
				CLANG_ENABLE_OBJC_ARC = YES;
				CLANG_ENABLE_OBJC_WEAK = YES;
				CLANG_WARN_BLOCK_CAPTURE_AUTORELEASING = YES;
				CLANG_WARN_BOOL_CONVERSION = YES;
				CLANG_WARN_COMMA = YES;
				CLANG_WARN_CONSTANT_CONVERSION = YES;
				CLANG_WARN_DEPRECATED_OBJC_IMPLEMENTATIONS = YES;
				CLANG_WARN_DIRECT_OBJC_ISA_USAGE = YES_ERROR;
				CLANG_WARN_DOCUMENTATION_COMMENTS = YES;
				CLANG_WARN_EMPTY_BODY = YES;
				CLANG_WARN_ENUM_CONVERSION = YES;
				CLANG_WARN_INFINITE_RECURSION = YES;
				CLANG_WARN_INT_CONVERSION = YES;
				CLANG_WARN_NON_LITERAL_NULL_CONVERSION = YES;
				CLANG_WARN_OBJC_IMPLICIT_RETAIN_SELF = YES;
				CLANG_WARN_OBJC_LITERAL_CONVERSION = YES;
				CLANG_WARN_OBJC_ROOT_CLASS = YES_ERROR;
				CLANG_WARN_QUOTED_INCLUDE_IN_FRAMEWORK_HEADER = YES;
				CLANG_WARN_RANGE_LOOP_ANALYSIS = YES;
				CLANG_WARN_STRICT_PROTOTYPES = YES;
				CLANG_WARN_SUSPICIOUS_MOVE = YES;
				CLANG_WARN_UNGUARDED_AVAILABILITY = YES_AGGRESSIVE;
				CLANG_WARN_UNREACHABLE_CODE = YES;
				CLANG_WARN__DUPLICATE_METHOD_MATCH = YES;
				COPY_PHASE_STRIP = NO;
				DEBUG_INFORMATION_FORMAT = dwarf;
				ENABLE_STRICT_OBJC_MSGSEND = YES;
				ENABLE_TESTABILITY = YES;
				ENABLE_USER_SCRIPT_SANDBOXING = YES;
				GCC_C_LANGUAGE_STANDARD = gnu17;
				GCC_DYNAMIC_NO_PIC = NO;
				GCC_NO_COMMON_BLOCKS = YES;
				GCC_OPTIMIZATION_LEVEL = 0;
				GCC_PREPROCESSOR_DEFINITIONS = (
					"DEBUG=1",
					"$(inherited)",
				);
				GCC_WARN_64_TO_32_BIT_CONVERSION = YES;
				GCC_WARN_ABOUT_RETURN_TYPE = YES_ERROR;
				GCC_WARN_UNDECLARED_SELECTOR = YES;
				GCC_WARN_UNINITIALIZED_AUTOS = YES_AGGRESSIVE;
				GCC_WARN_UNUSED_FUNCTION = YES;
				GCC_WARN_UNUSED_VARIABLE = YES;
				IPHONEOS_DEPLOYMENT_TARGET = 17.0;
				LOCALIZATION_PREFERS_STRING_CATALOGS = YES;
				MTL_ENABLE_DEBUG_INFO = INCLUDE_SOURCE;
				MTL_FAST_MATH = YES;
				ONLY_ACTIVE_ARCH = YES;
				SDKROOT = iphoneos;
				SWIFT_ACTIVE_COMPILATION_CONDITIONS = "DEBUG $(inherited)";
				SWIFT_OPTIMIZATION_LEVEL = "-Onone";
			};
			name = Debug;
		};
		845BCE6A2B7E14D000195D2A /* Release */ = {
			isa = XCBuildConfiguration;
			buildSettings = {
				ALWAYS_SEARCH_USER_PATHS = NO;
				ASSETCATALOG_COMPILER_GENERATE_SWIFT_ASSET_SYMBOL_EXTENSIONS = YES;
				CLANG_ANALYZER_NONNULL = YES;
				CLANG_ANALYZER_NUMBER_OBJECT_CONVERSION = YES_AGGRESSIVE;
				CLANG_CXX_LANGUAGE_STANDARD = "gnu++20";
				CLANG_ENABLE_MODULES = YES;
				CLANG_ENABLE_OBJC_ARC = YES;
				CLANG_ENABLE_OBJC_WEAK = YES;
				CLANG_WARN_BLOCK_CAPTURE_AUTORELEASING = YES;
				CLANG_WARN_BOOL_CONVERSION = YES;
				CLANG_WARN_COMMA = YES;
				CLANG_WARN_CONSTANT_CONVERSION = YES;
				CLANG_WARN_DEPRECATED_OBJC_IMPLEMENTATIONS = YES;
				CLANG_WARN_DIRECT_OBJC_ISA_USAGE = YES_ERROR;
				CLANG_WARN_DOCUMENTATION_COMMENTS = YES;
				CLANG_WARN_EMPTY_BODY = YES;
				CLANG_WARN_ENUM_CONVERSION = YES;
				CLANG_WARN_INFINITE_RECURSION = YES;
				CLANG_WARN_INT_CONVERSION = YES;
				CLANG_WARN_NON_LITERAL_NULL_CONVERSION = YES;
				CLANG_WARN_OBJC_IMPLICIT_RETAIN_SELF = YES;
				CLANG_WARN_OBJC_LITERAL_CONVERSION = YES;
				CLANG_WARN_OBJC_ROOT_CLASS = YES_ERROR;
				CLANG_WARN_QUOTED_INCLUDE_IN_FRAMEWORK_HEADER = YES;
				CLANG_WARN_RANGE_LOOP_ANALYSIS = YES;
				CLANG_WARN_STRICT_PROTOTYPES = YES;
				CLANG_WARN_SUSPICIOUS_MOVE = YES;
				CLANG_WARN_UNGUARDED_AVAILABILITY = YES_AGGRESSIVE;
				CLANG_WARN_UNREACHABLE_CODE = YES;
				CLANG_WARN__DUPLICATE_METHOD_MATCH = YES;
				COPY_PHASE_STRIP = NO;
				DEBUG_INFORMATION_FORMAT = "dwarf-with-dsym";
				ENABLE_NS_ASSERTIONS = NO;
				ENABLE_STRICT_OBJC_MSGSEND = YES;
				ENABLE_USER_SCRIPT_SANDBOXING = YES;
				GCC_C_LANGUAGE_STANDARD = gnu17;
				GCC_NO_COMMON_BLOCKS = YES;
				GCC_WARN_64_TO_32_BIT_CONVERSION = YES;
				GCC_WARN_ABOUT_RETURN_TYPE = YES_ERROR;
				GCC_WARN_UNDECLARED_SELECTOR = YES;
				GCC_WARN_UNINITIALIZED_AUTOS = YES_AGGRESSIVE;
				GCC_WARN_UNUSED_FUNCTION = YES;
				GCC_WARN_UNUSED_VARIABLE = YES;
				IPHONEOS_DEPLOYMENT_TARGET = 17.0;
				LOCALIZATION_PREFERS_STRING_CATALOGS = YES;
				MTL_ENABLE_DEBUG_INFO = NO;
				MTL_FAST_MATH = YES;
				SDKROOT = iphoneos;
				SWIFT_COMPILATION_MODE = wholemodule;
				VALIDATE_PRODUCT = YES;
			};
			name = Release;
		};
		845BCE6C2B7E14D000195D2A /* Debug */ = {
			isa = XCBuildConfiguration;
			buildSettings = {
				ASSETCATALOG_COMPILER_APPICON_NAME = AppIcon;
				ASSETCATALOG_COMPILER_GLOBAL_ACCENT_COLOR_NAME = AccentColor;
				CODE_SIGN_STYLE = Automatic;
				CURRENT_PROJECT_VERSION = 1;
				DEVELOPMENT_ASSET_PATHS = "\"Clicker/Preview Content\"";
				DEVELOPMENT_TEAM = 8FD78V4Y2V;
				ENABLE_PREVIEWS = YES;
				GENERATE_INFOPLIST_FILE = YES;
				INFOPLIST_KEY_LSApplicationCategoryType = "public.app-category.productivity";
				INFOPLIST_KEY_UIApplicationSceneManifest_Generation = YES;
				INFOPLIST_KEY_UIApplicationSupportsIndirectInputEvents = YES;
				INFOPLIST_KEY_UILaunchScreen_Generation = YES;
				INFOPLIST_KEY_UISupportedInterfaceOrientations_iPad = "UIInterfaceOrientationPortrait UIInterfaceOrientationPortraitUpsideDown UIInterfaceOrientationLandscapeLeft UIInterfaceOrientationLandscapeRight";
				INFOPLIST_KEY_UISupportedInterfaceOrientations_iPhone = "UIInterfaceOrientationPortrait UIInterfaceOrientationLandscapeLeft UIInterfaceOrientationLandscapeRight";
				LD_RUNPATH_SEARCH_PATHS = (
					"$(inherited)",
					"@executable_path/Frameworks",
				);
				MARKETING_VERSION = 1.0;
				PRODUCT_BUNDLE_IDENTIFIER = my.Learn.Clicker;
				PRODUCT_NAME = "$(TARGET_NAME)";
				SWIFT_EMIT_LOC_STRINGS = YES;
				SWIFT_VERSION = 5.0;
				TARGETED_DEVICE_FAMILY = "1,2";
			};
			name = Debug;
		};
		845BCE6D2B7E14D000195D2A /* Release */ = {
			isa = XCBuildConfiguration;
			buildSettings = {
				ASSETCATALOG_COMPILER_APPICON_NAME = AppIcon;
				ASSETCATALOG_COMPILER_GLOBAL_ACCENT_COLOR_NAME = AccentColor;
				CODE_SIGN_STYLE = Automatic;
				CURRENT_PROJECT_VERSION = 1;
				DEVELOPMENT_ASSET_PATHS = "\"Clicker/Preview Content\"";
				DEVELOPMENT_TEAM = 8FD78V4Y2V;
				ENABLE_PREVIEWS = YES;
				GENERATE_INFOPLIST_FILE = YES;
				INFOPLIST_KEY_LSApplicationCategoryType = "public.app-category.productivity";
				INFOPLIST_KEY_UIApplicationSceneManifest_Generation = YES;
				INFOPLIST_KEY_UIApplicationSupportsIndirectInputEvents = YES;
				INFOPLIST_KEY_UILaunchScreen_Generation = YES;
				INFOPLIST_KEY_UISupportedInterfaceOrientations_iPad = "UIInterfaceOrientationPortrait UIInterfaceOrientationPortraitUpsideDown UIInterfaceOrientationLandscapeLeft UIInterfaceOrientationLandscapeRight";
				INFOPLIST_KEY_UISupportedInterfaceOrientations_iPhone = "UIInterfaceOrientationPortrait UIInterfaceOrientationLandscapeLeft UIInterfaceOrientationLandscapeRight";
				LD_RUNPATH_SEARCH_PATHS = (
					"$(inherited)",
					"@executable_path/Frameworks",
				);
				MARKETING_VERSION = 1.0;
				PRODUCT_BUNDLE_IDENTIFIER = my.Learn.Clicker;
				PRODUCT_NAME = "$(TARGET_NAME)";
				SWIFT_EMIT_LOC_STRINGS = YES;
				SWIFT_VERSION = 5.0;
				TARGETED_DEVICE_FAMILY = "1,2";
			};
			name = Release;
		};
/* End XCBuildConfiguration section */

/* Begin XCConfigurationList section */
		845BCE532B7E14CE00195D2A /* Build configuration list for PBXProject "Clicker" */ = {
			isa = XCConfigurationList;
			buildConfigurations = (
				845BCE692B7E14D000195D2A /* Debug */,
				845BCE6A2B7E14D000195D2A /* Release */,
			);
			defaultConfigurationIsVisible = 0;
			defaultConfigurationName = Release;
		};
		845BCE6B2B7E14D000195D2A /* Build configuration list for PBXNativeTarget "Clicker" */ = {
			isa = XCConfigurationList;
			buildConfigurations = (
				845BCE6C2B7E14D000195D2A /* Debug */,
				845BCE6D2B7E14D000195D2A /* Release */,
			);
			defaultConfigurationIsVisible = 0;
			defaultConfigurationName = Release;
		};
/* End XCConfigurationList section */

/* Begin XCVersionGroup section */
		845BCE662B7E14D000195D2A /* ClickerDataModel.xcdatamodeld */ = {
			isa = XCVersionGroup;
			children = (
				845BCE672B7E14D000195D2A /* Clicker.xcdatamodel */,
			);
			currentVersion = 845BCE672B7E14D000195D2A /* Clicker.xcdatamodel */;
			path = ClickerDataModel.xcdatamodeld;
			sourceTree = "<group>";
			versionGroupType = wrapper.xcdatamodel;
		};
/* End XCVersionGroup section */
	};
	rootObject = 845BCE502B7E14CE00195D2A /* Project object */;
}
